// !$*UTF8*$!
{
	archiveVersion = 1;
	classes = {
	};
	objectVersion = 77;
	objects = {

/* Begin PBXBuildFile section */
		A8EEC8FC2CF06F6E0087070B /* MacroBuilder in Frameworks */ = {isa = PBXBuildFile; productRef = A8EEC8FB2CF06F6E0087070B /* MacroBuilder */; };
		A8EEC8FE2CF06F6E0087070B /* Swallow in Frameworks */ = {isa = PBXBuildFile; productRef = A8EEC8FD2CF06F6E0087070B /* Swallow */; };
		A8EEC9002CF06F6E0087070B /* SwallowMacrosClient in Frameworks */ = {isa = PBXBuildFile; productRef = A8EEC8FF2CF06F6E0087070B /* SwallowMacrosClient */; };
/* End PBXBuildFile section */

/* Begin PBXFileReference section */
		A8CB14E82CEF422300FEF9FA /* UsePrebuiltSwiftSyntaxMac.app */ = {isa = PBXFileReference; explicitFileType = wrapper.application; includeInIndex = 0; path = UsePrebuiltSwiftSyntaxMac.app; sourceTree = BUILT_PRODUCTS_DIR; };
/* End PBXFileReference section */

/* Begin PBXFileSystemSynchronizedRootGroup section */
		A8CB14EA2CEF422300FEF9FA /* UsePrebuiltSwiftSyntaxMac */ = {
			isa = PBXFileSystemSynchronizedRootGroup;
			path = UsePrebuiltSwiftSyntaxMac;
			sourceTree = "<group>";
		};
/* End PBXFileSystemSynchronizedRootGroup section */

/* Begin PBXFrameworksBuildPhase section */
		A8CB14E52CEF422300FEF9FA /* Frameworks */ = {
			isa = PBXFrameworksBuildPhase;
			buildActionMask = 2147483647;
			files = (
				A8EEC8FE2CF06F6E0087070B /* Swallow in Frameworks */,
				A8EEC9002CF06F6E0087070B /* SwallowMacrosClient in Frameworks */,
				A8EEC8FC2CF06F6E0087070B /* MacroBuilder in Frameworks */,
			);
			runOnlyForDeploymentPostprocessing = 0;
		};
/* End PBXFrameworksBuildPhase section */

/* Begin PBXGroup section */
		A8CB14DF2CEF422300FEF9FA = {
			isa = PBXGroup;
			children = (
				A8CB14EA2CEF422300FEF9FA /* UsePrebuiltSwiftSyntaxMac */,
				A8CB14E92CEF422300FEF9FA /* Products */,
			);
			sourceTree = "<group>";
		};
		A8CB14E92CEF422300FEF9FA /* Products */ = {
			isa = PBXGroup;
			children = (
				A8CB14E82CEF422300FEF9FA /* UsePrebuiltSwiftSyntaxMac.app */,
			);
			name = Products;
			sourceTree = "<group>";
		};
/* End PBXGroup section */

/* Begin PBXNativeTarget section */
		A8CB14E72CEF422300FEF9FA /* UsePrebuiltSwiftSyntaxMac */ = {
			isa = PBXNativeTarget;
			buildConfigurationList = A8CB14F72CEF422400FEF9FA /* Build configuration list for PBXNativeTarget "UsePrebuiltSwiftSyntaxMac" */;
			buildPhases = (
				A8CB14E42CEF422300FEF9FA /* Sources */,
				A8CB14E52CEF422300FEF9FA /* Frameworks */,
				A8CB14E62CEF422300FEF9FA /* Resources */,
			);
			buildRules = (
			);
			dependencies = (
			);
			fileSystemSynchronizedGroups = (
				A8CB14EA2CEF422300FEF9FA /* UsePrebuiltSwiftSyntaxMac */,
			);
			name = UsePrebuiltSwiftSyntaxMac;
			packageProductDependencies = (
				A8EEC8FB2CF06F6E0087070B /* MacroBuilder */,
				A8EEC8FD2CF06F6E0087070B /* Swallow */,
				A8EEC8FF2CF06F6E0087070B /* SwallowMacrosClient */,
			);
			productName = UsePrebuiltSwiftSyntaxMac;
			productReference = A8CB14E82CEF422300FEF9FA /* UsePrebuiltSwiftSyntaxMac.app */;
			productType = "com.apple.product-type.application";
		};
/* End PBXNativeTarget section */

/* Begin PBXProject section */
		A8CB14E02CEF422300FEF9FA /* Project object */ = {
			isa = PBXProject;
			attributes = {
				BuildIndependentTargetsInParallel = 1;
				LastSwiftUpdateCheck = 1600;
				LastUpgradeCheck = 1600;
				TargetAttributes = {
					A8CB14E72CEF422300FEF9FA = {
						CreatedOnToolsVersion = 16.0;
					};
				};
			};
			buildConfigurationList = A8CB14E32CEF422300FEF9FA /* Build configuration list for PBXProject "UsePrebuiltSwiftSyntaxMac" */;
			developmentRegion = en;
			hasScannedForEncodings = 0;
			knownRegions = (
				en,
				Base,
			);
			mainGroup = A8CB14DF2CEF422300FEF9FA;
			minimizedProjectReferenceProxies = 1;
			packageReferences = (
				A8EEC8FA2CF06F6E0087070B /* XCLocalSwiftPackageReference "../Swallow" */,
			);
			preferredProjectObjectVersion = 77;
			productRefGroup = A8CB14E92CEF422300FEF9FA /* Products */;
			projectDirPath = "";
			projectRoot = "";
			targets = (
				A8CB14E72CEF422300FEF9FA /* UsePrebuiltSwiftSyntaxMac */,
			);
		};
/* End PBXProject section */

/* Begin PBXResourcesBuildPhase section */
		A8CB14E62CEF422300FEF9FA /* Resources */ = {
			isa = PBXResourcesBuildPhase;
			buildActionMask = 2147483647;
			files = (
			);
			runOnlyForDeploymentPostprocessing = 0;
		};
/* End PBXResourcesBuildPhase section */

/* Begin PBXSourcesBuildPhase section */
		A8CB14E42CEF422300FEF9FA /* Sources */ = {
			isa = PBXSourcesBuildPhase;
			buildActionMask = 2147483647;
			files = (
			);
			runOnlyForDeploymentPostprocessing = 0;
		};
/* End PBXSourcesBuildPhase section */

/* Begin XCBuildConfiguration section */
		A8CB14F52CEF422400FEF9FA /* Debug */ = {
			isa = XCBuildConfiguration;
			buildSettings = {
				ALWAYS_SEARCH_USER_PATHS = NO;
				ASSETCATALOG_COMPILER_GENERATE_SWIFT_ASSET_SYMBOL_EXTENSIONS = YES;
				CLANG_ANALYZER_NONNULL = YES;
				CLANG_ANALYZER_NUMBER_OBJECT_CONVERSION = YES_AGGRESSIVE;
				CLANG_CXX_LANGUAGE_STANDARD = "gnu++20";
				CLANG_ENABLE_MODULES = YES;
				CLANG_ENABLE_OBJC_ARC = YES;
				CLANG_ENABLE_OBJC_WEAK = YES;
				CLANG_WARN_BLOCK_CAPTURE_AUTORELEASING = YES;
				CLANG_WARN_BOOL_CONVERSION = YES;
				CLANG_WARN_COMMA = YES;
				CLANG_WARN_CONSTANT_CONVERSION = YES;
				CLANG_WARN_DEPRECATED_OBJC_IMPLEMENTATIONS = YES;
				CLANG_WARN_DIRECT_OBJC_ISA_USAGE = YES_ERROR;
				CLANG_WARN_DOCUMENTATION_COMMENTS = YES;
				CLANG_WARN_EMPTY_BODY = YES;
				CLANG_WARN_ENUM_CONVERSION = YES;
				CLANG_WARN_INFINITE_RECURSION = YES;
				CLANG_WARN_INT_CONVERSION = YES;
				CLANG_WARN_NON_LITERAL_NULL_CONVERSION = YES;
				CLANG_WARN_OBJC_IMPLICIT_RETAIN_SELF = YES;
				CLANG_WARN_OBJC_LITERAL_CONVERSION = YES;
				CLANG_WARN_OBJC_ROOT_CLASS = YES_ERROR;
				CLANG_WARN_QUOTED_INCLUDE_IN_FRAMEWORK_HEADER = YES;
				CLANG_WARN_RANGE_LOOP_ANALYSIS = YES;
				CLANG_WARN_STRICT_PROTOTYPES = YES;
				CLANG_WARN_SUSPICIOUS_MOVE = YES;
				CLANG_WARN_UNGUARDED_AVAILABILITY = YES_AGGRESSIVE;
				CLANG_WARN_UNREACHABLE_CODE = YES;
				CLANG_WARN__DUPLICATE_METHOD_MATCH = YES;
				COPY_PHASE_STRIP = NO;
				DEBUG_INFORMATION_FORMAT = dwarf;
				ENABLE_STRICT_OBJC_MSGSEND = YES;
				ENABLE_TESTABILITY = YES;
				ENABLE_USER_SCRIPT_SANDBOXING = YES;
				GCC_C_LANGUAGE_STANDARD = gnu17;
				GCC_DYNAMIC_NO_PIC = NO;
				GCC_NO_COMMON_BLOCKS = YES;
				GCC_OPTIMIZATION_LEVEL = 0;
				GCC_PREPROCESSOR_DEFINITIONS = (
					"DEBUG=1",
					"$(inherited)",
				);
				GCC_WARN_64_TO_32_BIT_CONVERSION = YES;
				GCC_WARN_ABOUT_RETURN_TYPE = YES_ERROR;
				GCC_WARN_UNDECLARED_SELECTOR = YES;
				GCC_WARN_UNINITIALIZED_AUTOS = YES_AGGRESSIVE;
				GCC_WARN_UNUSED_FUNCTION = YES;
				GCC_WARN_UNUSED_VARIABLE = YES;
				LOCALIZATION_PREFERS_STRING_CATALOGS = YES;
				MACOSX_DEPLOYMENT_TARGET = 15.0;
				MTL_ENABLE_DEBUG_INFO = INCLUDE_SOURCE;
				MTL_FAST_MATH = YES;
				ONLY_ACTIVE_ARCH = YES;
				SDKROOT = macosx;
				SWIFT_ACTIVE_COMPILATION_CONDITIONS = "DEBUG $(inherited)";
				SWIFT_OPTIMIZATION_LEVEL = "-Onone";
			};
			name = Debug;
		};
		A8CB14F62CEF422400FEF9FA /* Release */ = {
			isa = XCBuildConfiguration;
			buildSettings = {
				ALWAYS_SEARCH_USER_PATHS = NO;
				ASSETCATALOG_COMPILER_GENERATE_SWIFT_ASSET_SYMBOL_EXTENSIONS = YES;
				CLANG_ANALYZER_NONNULL = YES;
				CLANG_ANALYZER_NUMBER_OBJECT_CONVERSION = YES_AGGRESSIVE;
				CLANG_CXX_LANGUAGE_STANDARD = "gnu++20";
				CLANG_ENABLE_MODULES = YES;
				CLANG_ENABLE_OBJC_ARC = YES;
				CLANG_ENABLE_OBJC_WEAK = YES;
				CLANG_WARN_BLOCK_CAPTURE_AUTORELEASING = YES;
				CLANG_WARN_BOOL_CONVERSION = YES;
				CLANG_WARN_COMMA = YES;
				CLANG_WARN_CONSTANT_CONVERSION = YES;
				CLANG_WARN_DEPRECATED_OBJC_IMPLEMENTATIONS = YES;
				CLANG_WARN_DIRECT_OBJC_ISA_USAGE = YES_ERROR;
				CLANG_WARN_DOCUMENTATION_COMMENTS = YES;
				CLANG_WARN_EMPTY_BODY = YES;
				CLANG_WARN_ENUM_CONVERSION = YES;
				CLANG_WARN_INFINITE_RECURSION = YES;
				CLANG_WARN_INT_CONVERSION = YES;
				CLANG_WARN_NON_LITERAL_NULL_CONVERSION = YES;
				CLANG_WARN_OBJC_IMPLICIT_RETAIN_SELF = YES;
				CLANG_WARN_OBJC_LITERAL_CONVERSION = YES;
				CLANG_WARN_OBJC_ROOT_CLASS = YES_ERROR;
				CLANG_WARN_QUOTED_INCLUDE_IN_FRAMEWORK_HEADER = YES;
				CLANG_WARN_RANGE_LOOP_ANALYSIS = YES;
				CLANG_WARN_STRICT_PROTOTYPES = YES;
				CLANG_WARN_SUSPICIOUS_MOVE = YES;
				CLANG_WARN_UNGUARDED_AVAILABILITY = YES_AGGRESSIVE;
				CLANG_WARN_UNREACHABLE_CODE = YES;
				CLANG_WARN__DUPLICATE_METHOD_MATCH = YES;
				COPY_PHASE_STRIP = NO;
				DEBUG_INFORMATION_FORMAT = "dwarf-with-dsym";
				ENABLE_NS_ASSERTIONS = NO;
				ENABLE_STRICT_OBJC_MSGSEND = YES;
				ENABLE_USER_SCRIPT_SANDBOXING = YES;
				GCC_C_LANGUAGE_STANDARD = gnu17;
				GCC_NO_COMMON_BLOCKS = YES;
				GCC_WARN_64_TO_32_BIT_CONVERSION = YES;
				GCC_WARN_ABOUT_RETURN_TYPE = YES_ERROR;
				GCC_WARN_UNDECLARED_SELECTOR = YES;
				GCC_WARN_UNINITIALIZED_AUTOS = YES_AGGRESSIVE;
				GCC_WARN_UNUSED_FUNCTION = YES;
				GCC_WARN_UNUSED_VARIABLE = YES;
				LOCALIZATION_PREFERS_STRING_CATALOGS = YES;
				MACOSX_DEPLOYMENT_TARGET = 15.0;
				MTL_ENABLE_DEBUG_INFO = NO;
				MTL_FAST_MATH = YES;
				SDKROOT = macosx;
				SWIFT_COMPILATION_MODE = wholemodule;
			};
			name = Release;
		};
		A8CB14F82CEF422400FEF9FA /* Debug */ = {
			isa = XCBuildConfiguration;
			buildSettings = {
				ASSETCATALOG_COMPILER_APPICON_NAME = AppIcon;
				ASSETCATALOG_COMPILER_GLOBAL_ACCENT_COLOR_NAME = AccentColor;
				CODE_SIGN_ENTITLEMENTS = UsePrebuiltSwiftSyntaxMac/UsePrebuiltSwiftSyntaxMac.entitlements;
				CODE_SIGN_STYLE = Automatic;
				COMBINE_HIDPI_IMAGES = YES;
				CURRENT_PROJECT_VERSION = 1;
				DEVELOPMENT_ASSET_PATHS = "\"UsePrebuiltSwiftSyntaxMac/Preview Content\"";
				DEVELOPMENT_TEAM = 37MR9UKGT4;
				ENABLE_HARDENED_RUNTIME = YES;
				ENABLE_PREVIEWS = YES;
				GENERATE_INFOPLIST_FILE = YES;
				INFOPLIST_KEY_NSHumanReadableCopyright = "";
				LD_RUNPATH_SEARCH_PATHS = (
					"$(inherited)",
					"@executable_path/../Frameworks",
				);
				MARKETING_VERSION = 1.0;
				PRODUCT_BUNDLE_IDENTIFIER = com.preternatural.UsePrebuiltSwiftSyntaxMac;
				PRODUCT_NAME = "$(TARGET_NAME)";
				SWIFT_EMIT_LOC_STRINGS = YES;
				SWIFT_VERSION = 5.0;
			};
			name = Debug;
		};
		A8CB14F92CEF422400FEF9FA /* Release */ = {
			isa = XCBuildConfiguration;
			buildSettings = {
				ASSETCATALOG_COMPILER_APPICON_NAME = AppIcon;
				ASSETCATALOG_COMPILER_GLOBAL_ACCENT_COLOR_NAME = AccentColor;
				CODE_SIGN_ENTITLEMENTS = UsePrebuiltSwiftSyntaxMac/UsePrebuiltSwiftSyntaxMac.entitlements;
				CODE_SIGN_STYLE = Automatic;
				COMBINE_HIDPI_IMAGES = YES;
				CURRENT_PROJECT_VERSION = 1;
				DEVELOPMENT_ASSET_PATHS = "\"UsePrebuiltSwiftSyntaxMac/Preview Content\"";
				DEVELOPMENT_TEAM = 37MR9UKGT4;
				ENABLE_HARDENED_RUNTIME = YES;
				ENABLE_PREVIEWS = YES;
				GENERATE_INFOPLIST_FILE = YES;
				INFOPLIST_KEY_NSHumanReadableCopyright = "";
				LD_RUNPATH_SEARCH_PATHS = (
					"$(inherited)",
					"@executable_path/../Frameworks",
				);
				MARKETING_VERSION = 1.0;
				PRODUCT_BUNDLE_IDENTIFIER = com.preternatural.UsePrebuiltSwiftSyntaxMac;
				PRODUCT_NAME = "$(TARGET_NAME)";
				SWIFT_EMIT_LOC_STRINGS = YES;
				SWIFT_VERSION = 5.0;
			};
			name = Release;
		};
/* End XCBuildConfiguration section */

/* Begin XCConfigurationList section */
		A8CB14E32CEF422300FEF9FA /* Build configuration list for PBXProject "UsePrebuiltSwiftSyntaxMac" */ = {
			isa = XCConfigurationList;
			buildConfigurations = (
				A8CB14F52CEF422400FEF9FA /* Debug */,
				A8CB14F62CEF422400FEF9FA /* Release */,
			);
			defaultConfigurationIsVisible = 0;
			defaultConfigurationName = Release;
		};
		A8CB14F72CEF422400FEF9FA /* Build configuration list for PBXNativeTarget "UsePrebuiltSwiftSyntaxMac" */ = {
			isa = XCConfigurationList;
			buildConfigurations = (
				A8CB14F82CEF422400FEF9FA /* Debug */,
				A8CB14F92CEF422400FEF9FA /* Release */,
			);
			defaultConfigurationIsVisible = 0;
			defaultConfigurationName = Release;
		};
/* End XCConfigurationList section */

/* Begin XCLocalSwiftPackageReference section */
		A8EEC8FA2CF06F6E0087070B /* XCLocalSwiftPackageReference "../Swallow" */ = {
			isa = XCLocalSwiftPackageReference;
			relativePath = ../Swallow;
		};
/* End XCLocalSwiftPackageReference section */

/* Begin XCSwiftPackageProductDependency section */
		A8EEC8FB2CF06F6E0087070B /* MacroBuilder */ = {
			isa = XCSwiftPackageProductDependency;
			productName = MacroBuilder;
		};
		A8EEC8FD2CF06F6E0087070B /* Swallow */ = {
			isa = XCSwiftPackageProductDependency;
			productName = Swallow;
		};
		A8EEC8FF2CF06F6E0087070B /* SwallowMacrosClient */ = {
			isa = XCSwiftPackageProductDependency;
			productName = SwallowMacrosClient;
		};
/* End XCSwiftPackageProductDependency section */
	};
	rootObject = A8CB14E02CEF422300FEF9FA /* Project object */;
}
